
Microsoft Visual Studio Solution File, Format Version 12.00
# Visual Studio 2017
Project("{FAE04EC0-301F-11D3-BF4B-00C04F79EFBC}") = "HomeProject", "HomeProject.csproj", "{76CCA3DA-EF91-7909-0888-B913066490CF}"
EndProject
Global
	GlobalSection(SolutionConfigurationPlatforms) = preSolution
		Debug|Any CPU = Debug|Any CPU
		Release|Any CPU = Release|Any CPU
	EndGlobalSection
	GlobalSection(ProjectConfigurationPlatforms) = postSolution
		{76CCA3DA-EF91-7909-0888-B913066490CF}.Debug|Any CPU.ActiveCfg = Debug|Any CPU
		{76CCA3DA-EF91-7909-0888-B913066490CF}.Debug|Any CPU.Build.0 = Debug|Any CPU
		{76CCA3DA-EF91-7909-0888-B913066490CF}.Release|Any CPU.ActiveCfg = Release|Any CPU
		{76CCA3DA-EF91-7909-0888-B913066490CF}.Release|Any CPU.Build.0 = Release|Any CPU
	EndGlobalSection
	GlobalSection(SolutionProperties) = preSolution
		HideSolutionNode = FALSE
	EndGlobalSection
EndGlobal
